// !$*UTF8*$!
{
	archiveVersion = 1;
	classes = {
	};
	objectVersion = 46;
	objects = {

/* Begin PBXBuildFile section */
		D4DCB8891A9E5D25004D502E /* AddressBookHangoutsPlugin.m in Sources */ = {isa = PBXBuildFile; fileRef = D4DCB8881A9E5D25004D502E /* AddressBookHangoutsPlugin.m */; };
/* End PBXBuildFile section */

/* Begin PBXFileReference section */
		D4DCB8821A9E5D25004D502E /* AddressBookHangoutsPlugin.bundle */ = {isa = PBXFileReference; explicitFileType = wrapper.cfbundle; includeInIndex = 0; path = AddressBookHangoutsPlugin.bundle; sourceTree = BUILT_PRODUCTS_DIR; };
		D4DCB8861A9E5D25004D502E /* Info.plist */ = {isa = PBXFileReference; lastKnownFileType = text.plist.xml; path = Info.plist; sourceTree = "<group>"; };
		D4DCB8871A9E5D25004D502E /* AddressBookHangoutsPlugin.h */ = {isa = PBXFileReference; lastKnownFileType = sourcecode.c.h; path = AddressBookHangoutsPlugin.h; sourceTree = "<group>"; };
		D4DCB8881A9E5D25004D502E /* AddressBookHangoutsPlugin.m */ = {isa = PBXFileReference; lastKnownFileType = sourcecode.c.objc; path = AddressBookHangoutsPlugin.m; sourceTree = "<group>"; };
/* End PBXFileReference section */

/* Begin PBXFrameworksBuildPhase section */
		D4DCB87F1A9E5D25004D502E /* Frameworks */ = {
			isa = PBXFrameworksBuildPhase;
			buildActionMask = 2147483647;
			files = (
			);
			runOnlyForDeploymentPostprocessing = 0;
		};
/* End PBXFrameworksBuildPhase section */

/* Begin PBXGroup section */
		D4DCB8791A9E5D25004D502E = {
			isa = PBXGroup;
			children = (
				D4DCB8841A9E5D25004D502E /* AddressBookHangoutsPlugin */,
				D4DCB8831A9E5D25004D502E /* Products */,
			);
			sourceTree = "<group>";
		};
		D4DCB8831A9E5D25004D502E /* Products */ = {
			isa = PBXGroup;
			children = (
				D4DCB8821A9E5D25004D502E /* AddressBookHangoutsPlugin.bundle */,
			);
			name = Products;
			sourceTree = "<group>";
		};
		D4DCB8841A9E5D25004D502E /* AddressBookHangoutsPlugin */ = {
			isa = PBXGroup;
			children = (
				D4DCB8871A9E5D25004D502E /* AddressBookHangoutsPlugin.h */,
				D4DCB8881A9E5D25004D502E /* AddressBookHangoutsPlugin.m */,
				D4DCB8851A9E5D25004D502E /* Supporting Files */,
			);
			path = AddressBookHangoutsPlugin;
			sourceTree = "<group>";
		};
		D4DCB8851A9E5D25004D502E /* Supporting Files */ = {
			isa = PBXGroup;
			children = (
				D4DCB8861A9E5D25004D502E /* Info.plist */,
			);
			name = "Supporting Files";
			sourceTree = "<group>";
		};
/* End PBXGroup section */

/* Begin PBXNativeTarget section */
		D4DCB8811A9E5D25004D502E /* AddressBookHangoutsPlugin */ = {
			isa = PBXNativeTarget;
			buildConfigurationList = D4DCB88C1A9E5D25004D502E /* Build configuration list for PBXNativeTarget "AddressBookHangoutsPlugin" */;
			buildPhases = (
				D4DCB87E1A9E5D25004D502E /* Sources */,
				D4DCB87F1A9E5D25004D502E /* Frameworks */,
				D4DCB8801A9E5D25004D502E /* Resources */,
			);
			buildRules = (
			);
			dependencies = (
			);
			name = AddressBookHangoutsPlugin;
			productName = AddressBookHangoutsPlugin;
			productReference = D4DCB8821A9E5D25004D502E /* AddressBookHangoutsPlugin.bundle */;
			productType = "com.apple.product-type.bundle";
		};
/* End PBXNativeTarget section */

/* Begin PBXProject section */
		D4DCB87A1A9E5D25004D502E /* Project object */ = {
			isa = PBXProject;
			attributes = {
				LastUpgradeCheck = 0610;
				ORGANIZATIONNAME = "Joey Korkames";
				TargetAttributes = {
					D4DCB8811A9E5D25004D502E = {
						CreatedOnToolsVersion = 6.1.1;
					};
				};
			};
			buildConfigurationList = D4DCB87D1A9E5D25004D502E /* Build configuration list for PBXProject "AddressBookHangoutsPlugin" */;
			compatibilityVersion = "Xcode 3.2";
			developmentRegion = English;
			hasScannedForEncodings = 0;
			knownRegions = (
				en,
			);
			mainGroup = D4DCB8791A9E5D25004D502E;
			productRefGroup = D4DCB8831A9E5D25004D502E /* Products */;
			projectDirPath = "";
			projectRoot = "";
			targets = (
				D4DCB8811A9E5D25004D502E /* AddressBookHangoutsPlugin */,
			);
		};
/* End PBXProject section */

/* Begin PBXResourcesBuildPhase section */
		D4DCB8801A9E5D25004D502E /* Resources */ = {
			isa = PBXResourcesBuildPhase;
			buildActionMask = 2147483647;
			files = (
			);
			runOnlyForDeploymentPostprocessing = 0;
		};
/* End PBXResourcesBuildPhase section */

/* Begin PBXSourcesBuildPhase section */
		D4DCB87E1A9E5D25004D502E /* Sources */ = {
			isa = PBXSourcesBuildPhase;
			buildActionMask = 2147483647;
			files = (
				D4DCB8891A9E5D25004D502E /* AddressBookHangoutsPlugin.m in Sources */,
			);
			runOnlyForDeploymentPostprocessing = 0;
		};
/* End PBXSourcesBuildPhase section */

/* Begin XCBuildConfiguration section */
		D4DCB88A1A9E5D25004D502E /* Debug */ = {
			isa = XCBuildConfiguration;
			buildSettings = {
				ALWAYS_SEARCH_USER_PATHS = NO;
				CLANG_CXX_LANGUAGE_STANDARD = "gnu++0x";
				CLANG_CXX_LIBRARY = "libc++";
				CLANG_ENABLE_MODULES = YES;
				CLANG_ENABLE_OBJC_ARC = YES;
				CLANG_WARN_BOOL_CONVERSION = YES;
				CLANG_WARN_CONSTANT_CONVERSION = YES;
				CLANG_WARN_DIRECT_OBJC_ISA_USAGE = YES_ERROR;
				CLANG_WARN_EMPTY_BODY = YES;
				CLANG_WARN_ENUM_CONVERSION = YES;
				CLANG_WARN_INT_CONVERSION = YES;
				CLANG_WARN_OBJC_ROOT_CLASS = YES_ERROR;
				CLANG_WARN_UNREACHABLE_CODE = YES;
				CLANG_WARN__DUPLICATE_METHOD_MATCH = YES;
				COPY_PHASE_STRIP = NO;
				ENABLE_STRICT_OBJC_MSGSEND = YES;
				GCC_C_LANGUAGE_STANDARD = gnu99;
				GCC_DYNAMIC_NO_PIC = NO;
				GCC_OPTIMIZATION_LEVEL = 0;
				GCC_PREPROCESSOR_DEFINITIONS = (
					"DEBUG=1",
					"$(inherited)",
				);
				GCC_SYMBOLS_PRIVATE_EXTERN = NO;
				GCC_WARN_64_TO_32_BIT_CONVERSION = YES;
				GCC_WARN_ABOUT_RETURN_TYPE = YES_ERROR;
				GCC_WARN_UNDECLARED_SELECTOR = YES;
				GCC_WARN_UNINITIALIZED_AUTOS = YES_AGGRESSIVE;
				GCC_WARN_UNUSED_FUNCTION = YES;
				GCC_WARN_UNUSED_VARIABLE = YES;
				MACOSX_DEPLOYMENT_TARGET = 10.10;
				MTL_ENABLE_DEBUG_INFO = YES;
				ONLY_ACTIVE_ARCH = YES;
				SDKROOT = macosx;
			};
			name = Debug;
		};
		D4DCB88B1A9E5D25004D502E /* Release */ = {
			isa = XCBuildConfiguration;
			buildSettings = {
				ALWAYS_SEARCH_USER_PATHS = NO;
				CLANG_CXX_LANGUAGE_STANDARD = "gnu++0x";
				CLANG_CXX_LIBRARY = "libc++";
				CLANG_ENABLE_MODULES = YES;
				CLANG_ENABLE_OBJC_ARC = YES;
				CLANG_WARN_BOOL_CONVERSION = YES;
				CLANG_WARN_CONSTANT_CONVERSION = YES;
				CLANG_WARN_DIRECT_OBJC_ISA_USAGE = YES_ERROR;
				CLANG_WARN_EMPTY_BODY = YES;
				CLANG_WARN_ENUM_CONVERSION = YES;
				CLANG_WARN_INT_CONVERSION = YES;
				CLANG_WARN_OBJC_ROOT_CLASS = YES_ERROR;
				CLANG_WARN_UNREACHABLE_CODE = YES;
				CLANG_WARN__DUPLICATE_METHOD_MATCH = YES;
				COPY_PHASE_STRIP = YES;
				DEBUG_INFORMATION_FORMAT = "dwarf-with-dsym";
				ENABLE_NS_ASSERTIONS = NO;
				ENABLE_STRICT_OBJC_MSGSEND = YES;
				GCC_C_LANGUAGE_STANDARD = gnu99;
				GCC_WARN_64_TO_32_BIT_CONVERSION = YES;
				GCC_WARN_ABOUT_RETURN_TYPE = YES_ERROR;
				GCC_WARN_UNDECLARED_SELECTOR = YES;
				GCC_WARN_UNINITIALIZED_AUTOS = YES_AGGRESSIVE;
				GCC_WARN_UNUSED_FUNCTION = YES;
				GCC_WARN_UNUSED_VARIABLE = YES;
				MACOSX_DEPLOYMENT_TARGET = 10.10;
				MTL_ENABLE_DEBUG_INFO = NO;
				SDKROOT = macosx;
			};
			name = Release;
		};
		D4DCB88D1A9E5D25004D502E /* Debug */ = {
			isa = XCBuildConfiguration;
			buildSettings = {
				COMBINE_HIDPI_IMAGES = YES;
				INFOPLIST_FILE = AddressBookHangoutsPlugin/Info.plist;
				INSTALL_PATH = "$(HOME)/Developer/Palettes";
				PRODUCT_NAME = "$(TARGET_NAME)";
				WRAPPER_EXTENSION = bundle;
			};
			name = Debug;
		};
		D4DCB88E1A9E5D25004D502E /* Release */ = {
			isa = XCBuildConfiguration;
			buildSettings = {
				COMBINE_HIDPI_IMAGES = YES;
				INFOPLIST_FILE = AddressBookHangoutsPlugin/Info.plist;
				INSTALL_PATH = "$(HOME)/Developer/Palettes";
				PRODUCT_NAME = "$(TARGET_NAME)";
				WRAPPER_EXTENSION = bundle;
			};
			name = Release;
		};
/* End XCBuildConfiguration section */

/* Begin XCConfigurationList section */
		D4DCB87D1A9E5D25004D502E /* Build configuration list for PBXProject "AddressBookHangoutsPlugin" */ = {
			isa = XCConfigurationList;
			buildConfigurations = (
				D4DCB88A1A9E5D25004D502E /* Debug */,
				D4DCB88B1A9E5D25004D502E /* Release */,
			);
			defaultConfigurationIsVisible = 0;
			defaultConfigurationName = Release;
		};
		D4DCB88C1A9E5D25004D502E /* Build configuration list for PBXNativeTarget "AddressBookHangoutsPlugin" */ = {
			isa = XCConfigurationList;
			buildConfigurations = (
				D4DCB88D1A9E5D25004D502E /* Debug */,
				D4DCB88E1A9E5D25004D502E /* Release */,
			);
			defaultConfigurationIsVisible = 0;
		};
/* End XCConfigurationList section */
	};
	rootObject = D4DCB87A1A9E5D25004D502E /* Project object */;
}
